
Microsoft Visual Studio Solution File, Format Version 12.00
# Visual Studio Version 17
VisualStudioVersion = 17.11.35222.181
MinimumVisualStudioVersion = 10.0.40219.1
Project("{9A19103F-16F7-4668-BE54-9A1E7A4F7556}") = "URegister", "URegister\URegister.csproj", "{19919DB7-9985-4AEA-AA55-5101FD1F80A8}"
EndProject
Project("{9A19103F-16F7-4668-BE54-9A1E7A4F7556}") = "URegister.AppHost", "URegister.AppHost\URegister.AppHost.csproj", "{EBC2502F-6CFE-4CB8-B9E2-A2AE561E4DCC}"
EndProject
Project("{9A19103F-16F7-4668-BE54-9A1E7A4F7556}") = "URegister.ServiceDefaults", "URegister.ServiceDefaults\URegister.ServiceDefaults.csproj", "{FF644323-7A36-4810-B1A5-AA1405E6A9BB}"
EndProject
Project("{9A19103F-16F7-4668-BE54-9A1E7A4F7556}") = "URegister.ApiGateway", "URegister.ApiGateway\URegister.ApiGateway.csproj", "{325843FC-FC29-4DE2-A966-AFC87F98CCE1}"
EndProject
Project("{9A19103F-16F7-4668-BE54-9A1E7A4F7556}") = "URegister.Core", "URegister.Core\URegister.Core.csproj", "{EF2CBD3F-F995-40FA-AEA7-2E645B5C21DB}"
EndProject
Project("{9A19103F-16F7-4668-BE54-9A1E7A4F7556}") = "URegister.Infrastructure", "URegister.Infrastructure\URegister.Infrastructure.csproj", "{DE325A50-9F3F-4042-B1E3-80024F3E0ACD}"
EndProject
Project("{9A19103F-16F7-4668-BE54-9A1E7A4F7556}") = "URegister.Admin", "URegister.Admin\URegister.Admin.csproj", "{867FDBA8-BD5A-4A25-951D-8232438198E2}"
EndProject
Project("{9A19103F-16F7-4668-BE54-9A1E7A4F7556}") = "URegister.ObjectsCatalog", "URegister.ObjectsCatalog\URegister.ObjectsCatalog.csproj", "{0D8DA42D-3E03-4B33-B953-3B1489A697BD}"
EndProject
Project("{9A19103F-16F7-4668-BE54-9A1E7A4F7556}") = "URegister.RegistersCatalog", "URegister.RegistersCatalog\URegister.RegistersCatalog.csproj", "{B14716E0-3C4D-4DAA-92EF-EC2F246AB057}"
EndProject
Project("{9A19103F-16F7-4668-BE54-9A1E7A4F7556}") = "URegister.IntegrationsCatalog", "URegister.IntegrationsCatalog\URegister.IntegrationsCatalog.csproj", "{4E53CDE1-E82B-4561-90B9-10FD288F735A}"
EndProject
Project("{2150E333-8FDC-42A3-9474-1A3956D46DE8}") = "protos", "protos", "{698E67B2-124D-4A4B-9124-BFCBACED92C9}"
	ProjectSection(SolutionItems) = preProject
		Protos\auditlog.proto = Protos\auditlog.proto
		Protos\common.proto = Protos\common.proto
		Protos\integration.proto = Protos\integration.proto
		Protos\nomenclature.proto = Protos\nomenclature.proto
		Protos\number.proto = Protos\number.proto
		Protos\object.proto = Protos\object.proto
		Protos\register.proto = Protos\register.proto
		Protos\user.proto = Protos\user.proto
	EndProjectSection
EndProject
Project("{9A19103F-16F7-4668-BE54-9A1E7A4F7556}") = "URegister.NomenclaturesCatalog", "URegister.NomenclaturesCatalog\URegister.NomenclaturesCatalog.csproj", "{CE71997E-04C1-48A2-A6FD-835A01D160C6}"
EndProject
Project("{9A19103F-16F7-4668-BE54-9A1E7A4F7556}") = "URegister.NumberGenerator", "URegister.NumberGenerator\URegister.NumberGenerator.csproj", "{1FD7A260-EA94-44F2-8C03-50CC044D9366}"
EndProject
Project("{2150E333-8FDC-42A3-9474-1A3956D46DE8}") = "CommonFiles", "CommonFiles", "{93F9661F-2B30-4271-9C4E-7FB099413C68}"
	ProjectSection(SolutionItems) = preProject
		LICENSE = LICENSE
		README.md = README.md
		Адреси.txt = Адреси.txt
	EndProjectSection
EndProject
Project("{9A19103F-16F7-4668-BE54-9A1E7A4F7556}") = "URegister.Core.Tests", "URegister.Core.Tests\URegister.Core.Tests.csproj", "{742FCC14-B0E8-4351-AB74-F1DBC54697BD}"
EndProject
Project("{9A19103F-16F7-4668-BE54-9A1E7A4F7556}") = "URegister.Tests", "Uregister.Tests\URegister.Tests.csproj", "{6FAF9645-5E8E-413A-BAB8-1E9DB21B80CC}"
EndProject
Project("{9A19103F-16F7-4668-BE54-9A1E7A4F7556}") = "URegister.Admin.Tests", "URegister.Admin.Tests\URegister.Admin.Tests.csproj", "{25DCE3D3-E3CF-4B5A-99D3-1587CDE1BFCD}"
EndProject
Project("{9A19103F-16F7-4668-BE54-9A1E7A4F7556}") = "Uregister.Users", "Uregister.Users\Uregister.Users.csproj", "{7FDD5DC0-B644-4C3D-9D07-D40676A78F18}"
EndProject
Project("{FAE04EC0-301F-11D3-BF4B-00C04F79EFBC}") = "URegister.RegistersCatalog.Tests", "URegister.RegistersCatalog.Tests\URegister.RegistersCatalog.Tests.csproj", "{E2FBE4F8-9ADE-4E64-B7E4-45B6274792D9}"
EndProject
Project("{FAE04EC0-301F-11D3-BF4B-00C04F79EFBC}") = "URegister.ObjectsCatalog.Tests", "URegister.ObjectsCatalog.Tests\URegister.ObjectsCatalog.Tests.csproj", "{5355DA5A-08D1-4996-B96C-AB421F60AEDE}"
EndProject
Project("{FAE04EC0-301F-11D3-BF4B-00C04F79EFBC}") = "URegister.NumberGenerator.Tests", "URegister.NumberGenerator.Tests\URegister.NumberGenerator.Tests.csproj", "{C4885C47-FF64-44E9-A345-0F581753A3F6}"
EndProject
Project("{FAE04EC0-301F-11D3-BF4B-00C04F79EFBC}") = "URegister.NomenclaturesCatalog.Tests", "URegister.NomenclaturesCatalog.Tests\URegister.NomenclaturesCatalog.Tests.csproj", "{91C4BFB9-9778-429A-AE38-438EDC03DC67}"
EndProject
Project("{FAE04EC0-301F-11D3-BF4B-00C04F79EFBC}") = "URegister.IntegrationsCatalog.Tests", "URegister.IntegrationsCatalog.Tests\URegister.IntegrationsCatalog.Tests.csproj", "{053B75B1-FF0C-4F49-A378-4B16178EF4C5}"
EndProject
Project("{FAE04EC0-301F-11D3-BF4B-00C04F79EFBC}") = "URegister.Infrastructure.Tests", "URegister.Infrastructure.Tests\URegister.Infrastructure.Tests.csproj", "{9CAAFFB3-FB58-4AE4-9D46-5685EDEC2F11}"
EndProject
Project("{FAE04EC0-301F-11D3-BF4B-00C04F79EFBC}") = "URegister.ApiGateway.Tests", "URegister.ApiGateway.Tests\URegister.ApiGateway.Tests.csproj", "{4375EAA2-1E66-43B4-BAC8-565CAA29DEC0}"
EndProject
Project("{FAE04EC0-301F-11D3-BF4B-00C04F79EFBC}") = "URegister.AuditLog", "URegister.AuditLog\URegister.AuditLog.csproj", "{046E4CC4-D82F-BA00-A1DD-17F2798777AD}"
EndProject
Project("{FAE04EC0-301F-11D3-BF4B-00C04F79EFBC}") = "EDelivery", "EDelivery\EDelivery.csproj", "{FDA4819B-AD39-4C43-9B9C-4FF55E2F2A67}"
EndProject
Project("{FAE04EC0-301F-11D3-BF4B-00C04F79EFBC}") = "URegister.AppHost.Tests", "URegister.AppHost.Tests\URegister.AppHost.Tests.csproj", "{9FCA1882-3CE9-49F2-BED5-9254AADBAC7E}"
EndProject
Project("{FAE04EC0-301F-11D3-BF4B-00C04F79EFBC}") = "OpenDataClient", "OpenDataClient\OpenDataClient.csproj", "{8B8677BF-9EA9-4AB7-B323-FD07851DABDC}"
EndProject
Project("{FAE04EC0-301F-11D3-BF4B-00C04F79EFBC}") = "OpenDataClientTest", "OpenDataClientTest\OpenDataClientTest.csproj", "{2F8BA837-8368-412F-ACD7-AAF0B4724068}"
EndProject
Global
	GlobalSection(SolutionConfigurationPlatforms) = preSolution
		Debug|Any CPU = Debug|Any CPU
		Release|Any CPU = Release|Any CPU
	EndGlobalSection
	GlobalSection(ProjectConfigurationPlatforms) = postSolution
		{19919DB7-9985-4AEA-AA55-5101FD1F80A8}.Debug|Any CPU.ActiveCfg = Debug|Any CPU
		{19919DB7-9985-4AEA-AA55-5101FD1F80A8}.Debug|Any CPU.Build.0 = Debug|Any CPU
		{19919DB7-9985-4AEA-AA55-5101FD1F80A8}.Release|Any CPU.ActiveCfg = Release|Any CPU
		{19919DB7-9985-4AEA-AA55-5101FD1F80A8}.Release|Any CPU.Build.0 = Release|Any CPU
		{EBC2502F-6CFE-4CB8-B9E2-A2AE561E4DCC}.Debug|Any CPU.ActiveCfg = Debug|Any CPU
		{EBC2502F-6CFE-4CB8-B9E2-A2AE561E4DCC}.Debug|Any CPU.Build.0 = Debug|Any CPU
		{EBC2502F-6CFE-4CB8-B9E2-A2AE561E4DCC}.Release|Any CPU.ActiveCfg = Release|Any CPU
		{EBC2502F-6CFE-4CB8-B9E2-A2AE561E4DCC}.Release|Any CPU.Build.0 = Release|Any CPU
		{FF644323-7A36-4810-B1A5-AA1405E6A9BB}.Debug|Any CPU.ActiveCfg = Debug|Any CPU
		{FF644323-7A36-4810-B1A5-AA1405E6A9BB}.Debug|Any CPU.Build.0 = Debug|Any CPU
		{FF644323-7A36-4810-B1A5-AA1405E6A9BB}.Release|Any CPU.ActiveCfg = Release|Any CPU
		{FF644323-7A36-4810-B1A5-AA1405E6A9BB}.Release|Any CPU.Build.0 = Release|Any CPU
		{325843FC-FC29-4DE2-A966-AFC87F98CCE1}.Debug|Any CPU.ActiveCfg = Debug|Any CPU
		{325843FC-FC29-4DE2-A966-AFC87F98CCE1}.Debug|Any CPU.Build.0 = Debug|Any CPU
		{325843FC-FC29-4DE2-A966-AFC87F98CCE1}.Release|Any CPU.ActiveCfg = Release|Any CPU
		{325843FC-FC29-4DE2-A966-AFC87F98CCE1}.Release|Any CPU.Build.0 = Release|Any CPU
		{EF2CBD3F-F995-40FA-AEA7-2E645B5C21DB}.Debug|Any CPU.ActiveCfg = Debug|Any CPU
		{EF2CBD3F-F995-40FA-AEA7-2E645B5C21DB}.Debug|Any CPU.Build.0 = Debug|Any CPU
		{EF2CBD3F-F995-40FA-AEA7-2E645B5C21DB}.Release|Any CPU.ActiveCfg = Release|Any CPU
		{EF2CBD3F-F995-40FA-AEA7-2E645B5C21DB}.Release|Any CPU.Build.0 = Release|Any CPU
		{DE325A50-9F3F-4042-B1E3-80024F3E0ACD}.Debug|Any CPU.ActiveCfg = Debug|Any CPU
		{DE325A50-9F3F-4042-B1E3-80024F3E0ACD}.Debug|Any CPU.Build.0 = Debug|Any CPU
		{DE325A50-9F3F-4042-B1E3-80024F3E0ACD}.Release|Any CPU.ActiveCfg = Release|Any CPU
		{DE325A50-9F3F-4042-B1E3-80024F3E0ACD}.Release|Any CPU.Build.0 = Release|Any CPU
		{867FDBA8-BD5A-4A25-951D-8232438198E2}.Debug|Any CPU.ActiveCfg = Debug|Any CPU
		{867FDBA8-BD5A-4A25-951D-8232438198E2}.Debug|Any CPU.Build.0 = Debug|Any CPU
		{867FDBA8-BD5A-4A25-951D-8232438198E2}.Release|Any CPU.ActiveCfg = Release|Any CPU
		{867FDBA8-BD5A-4A25-951D-8232438198E2}.Release|Any CPU.Build.0 = Release|Any CPU
		{0D8DA42D-3E03-4B33-B953-3B1489A697BD}.Debug|Any CPU.ActiveCfg = Debug|Any CPU
		{0D8DA42D-3E03-4B33-B953-3B1489A697BD}.Debug|Any CPU.Build.0 = Debug|Any CPU
		{0D8DA42D-3E03-4B33-B953-3B1489A697BD}.Release|Any CPU.ActiveCfg = Release|Any CPU
		{0D8DA42D-3E03-4B33-B953-3B1489A697BD}.Release|Any CPU.Build.0 = Release|Any CPU
		{B14716E0-3C4D-4DAA-92EF-EC2F246AB057}.Debug|Any CPU.ActiveCfg = Debug|Any CPU
		{B14716E0-3C4D-4DAA-92EF-EC2F246AB057}.Debug|Any CPU.Build.0 = Debug|Any CPU
		{B14716E0-3C4D-4DAA-92EF-EC2F246AB057}.Release|Any CPU.ActiveCfg = Release|Any CPU
		{B14716E0-3C4D-4DAA-92EF-EC2F246AB057}.Release|Any CPU.Build.0 = Release|Any CPU
		{4E53CDE1-E82B-4561-90B9-10FD288F735A}.Debug|Any CPU.ActiveCfg = Debug|Any CPU
		{4E53CDE1-E82B-4561-90B9-10FD288F735A}.Debug|Any CPU.Build.0 = Debug|Any CPU
		{4E53CDE1-E82B-4561-90B9-10FD288F735A}.Release|Any CPU.ActiveCfg = Release|Any CPU
		{4E53CDE1-E82B-4561-90B9-10FD288F735A}.Release|Any CPU.Build.0 = Release|Any CPU
		{CE71997E-04C1-48A2-A6FD-835A01D160C6}.Debug|Any CPU.ActiveCfg = Debug|Any CPU
		{CE71997E-04C1-48A2-A6FD-835A01D160C6}.Debug|Any CPU.Build.0 = Debug|Any CPU
		{CE71997E-04C1-48A2-A6FD-835A01D160C6}.Release|Any CPU.ActiveCfg = Release|Any CPU
		{CE71997E-04C1-48A2-A6FD-835A01D160C6}.Release|Any CPU.Build.0 = Release|Any CPU
		{1FD7A260-EA94-44F2-8C03-50CC044D9366}.Debug|Any CPU.ActiveCfg = Debug|Any CPU
		{1FD7A260-EA94-44F2-8C03-50CC044D9366}.Debug|Any CPU.Build.0 = Debug|Any CPU
		{1FD7A260-EA94-44F2-8C03-50CC044D9366}.Release|Any CPU.ActiveCfg = Release|Any CPU
		{1FD7A260-EA94-44F2-8C03-50CC044D9366}.Release|Any CPU.Build.0 = Release|Any CPU
		{742FCC14-B0E8-4351-AB74-F1DBC54697BD}.Debug|Any CPU.ActiveCfg = Debug|Any CPU
		{742FCC14-B0E8-4351-AB74-F1DBC54697BD}.Debug|Any CPU.Build.0 = Debug|Any CPU
		{742FCC14-B0E8-4351-AB74-F1DBC54697BD}.Release|Any CPU.ActiveCfg = Release|Any CPU
		{742FCC14-B0E8-4351-AB74-F1DBC54697BD}.Release|Any CPU.Build.0 = Release|Any CPU
		{6FAF9645-5E8E-413A-BAB8-1E9DB21B80CC}.Debug|Any CPU.ActiveCfg = Debug|Any CPU
		{6FAF9645-5E8E-413A-BAB8-1E9DB21B80CC}.Debug|Any CPU.Build.0 = Debug|Any CPU
		{6FAF9645-5E8E-413A-BAB8-1E9DB21B80CC}.Release|Any CPU.ActiveCfg = Release|Any CPU
		{6FAF9645-5E8E-413A-BAB8-1E9DB21B80CC}.Release|Any CPU.Build.0 = Release|Any CPU
		{25DCE3D3-E3CF-4B5A-99D3-1587CDE1BFCD}.Debug|Any CPU.ActiveCfg = Debug|Any CPU
		{25DCE3D3-E3CF-4B5A-99D3-1587CDE1BFCD}.Debug|Any CPU.Build.0 = Debug|Any CPU
		{25DCE3D3-E3CF-4B5A-99D3-1587CDE1BFCD}.Release|Any CPU.ActiveCfg = Release|Any CPU
		{25DCE3D3-E3CF-4B5A-99D3-1587CDE1BFCD}.Release|Any CPU.Build.0 = Release|Any CPU
		{7FDD5DC0-B644-4C3D-9D07-D40676A78F18}.Debug|Any CPU.ActiveCfg = Debug|Any CPU
		{7FDD5DC0-B644-4C3D-9D07-D40676A78F18}.Debug|Any CPU.Build.0 = Debug|Any CPU
		{7FDD5DC0-B644-4C3D-9D07-D40676A78F18}.Release|Any CPU.ActiveCfg = Release|Any CPU
		{7FDD5DC0-B644-4C3D-9D07-D40676A78F18}.Release|Any CPU.Build.0 = Release|Any CPU
		{E2FBE4F8-9ADE-4E64-B7E4-45B6274792D9}.Debug|Any CPU.ActiveCfg = Debug|Any CPU
		{E2FBE4F8-9ADE-4E64-B7E4-45B6274792D9}.Debug|Any CPU.Build.0 = Debug|Any CPU
		{E2FBE4F8-9ADE-4E64-B7E4-45B6274792D9}.Release|Any CPU.ActiveCfg = Release|Any CPU
		{E2FBE4F8-9ADE-4E64-B7E4-45B6274792D9}.Release|Any CPU.Build.0 = Release|Any CPU
		{5355DA5A-08D1-4996-B96C-AB421F60AEDE}.Debug|Any CPU.ActiveCfg = Debug|Any CPU
		{5355DA5A-08D1-4996-B96C-AB421F60AEDE}.Debug|Any CPU.Build.0 = Debug|Any CPU
		{5355DA5A-08D1-4996-B96C-AB421F60AEDE}.Release|Any CPU.ActiveCfg = Release|Any CPU
		{5355DA5A-08D1-4996-B96C-AB421F60AEDE}.Release|Any CPU.Build.0 = Release|Any CPU
		{C4885C47-FF64-44E9-A345-0F581753A3F6}.Debug|Any CPU.ActiveCfg = Debug|Any CPU
		{C4885C47-FF64-44E9-A345-0F581753A3F6}.Debug|Any CPU.Build.0 = Debug|Any CPU
		{C4885C47-FF64-44E9-A345-0F581753A3F6}.Release|Any CPU.ActiveCfg = Release|Any CPU
		{C4885C47-FF64-44E9-A345-0F581753A3F6}.Release|Any CPU.Build.0 = Release|Any CPU
		{91C4BFB9-9778-429A-AE38-438EDC03DC67}.Debug|Any CPU.ActiveCfg = Debug|Any CPU
		{91C4BFB9-9778-429A-AE38-438EDC03DC67}.Debug|Any CPU.Build.0 = Debug|Any CPU
		{91C4BFB9-9778-429A-AE38-438EDC03DC67}.Release|Any CPU.ActiveCfg = Release|Any CPU
		{91C4BFB9-9778-429A-AE38-438EDC03DC67}.Release|Any CPU.Build.0 = Release|Any CPU
		{053B75B1-FF0C-4F49-A378-4B16178EF4C5}.Debug|Any CPU.ActiveCfg = Debug|Any CPU
		{053B75B1-FF0C-4F49-A378-4B16178EF4C5}.Debug|Any CPU.Build.0 = Debug|Any CPU
		{053B75B1-FF0C-4F49-A378-4B16178EF4C5}.Release|Any CPU.ActiveCfg = Release|Any CPU
		{053B75B1-FF0C-4F49-A378-4B16178EF4C5}.Release|Any CPU.Build.0 = Release|Any CPU
		{9CAAFFB3-FB58-4AE4-9D46-5685EDEC2F11}.Debug|Any CPU.ActiveCfg = Debug|Any CPU
		{9CAAFFB3-FB58-4AE4-9D46-5685EDEC2F11}.Debug|Any CPU.Build.0 = Debug|Any CPU
		{9CAAFFB3-FB58-4AE4-9D46-5685EDEC2F11}.Release|Any CPU.ActiveCfg = Release|Any CPU
		{9CAAFFB3-FB58-4AE4-9D46-5685EDEC2F11}.Release|Any CPU.Build.0 = Release|Any CPU
		{4375EAA2-1E66-43B4-BAC8-565CAA29DEC0}.Debug|Any CPU.ActiveCfg = Debug|Any CPU
		{4375EAA2-1E66-43B4-BAC8-565CAA29DEC0}.Debug|Any CPU.Build.0 = Debug|Any CPU
		{4375EAA2-1E66-43B4-BAC8-565CAA29DEC0}.Release|Any CPU.ActiveCfg = Release|Any CPU
		{4375EAA2-1E66-43B4-BAC8-565CAA29DEC0}.Release|Any CPU.Build.0 = Release|Any CPU
		{046E4CC4-D82F-BA00-A1DD-17F2798777AD}.Debug|Any CPU.ActiveCfg = Debug|Any CPU
		{046E4CC4-D82F-BA00-A1DD-17F2798777AD}.Debug|Any CPU.Build.0 = Debug|Any CPU
		{046E4CC4-D82F-BA00-A1DD-17F2798777AD}.Release|Any CPU.ActiveCfg = Release|Any CPU
		{046E4CC4-D82F-BA00-A1DD-17F2798777AD}.Release|Any CPU.Build.0 = Release|Any CPU
		{FDA4819B-AD39-4C43-9B9C-4FF55E2F2A67}.Debug|Any CPU.ActiveCfg = Debug|Any CPU
		{FDA4819B-AD39-4C43-9B9C-4FF55E2F2A67}.Debug|Any CPU.Build.0 = Debug|Any CPU
		{FDA4819B-AD39-4C43-9B9C-4FF55E2F2A67}.Release|Any CPU.ActiveCfg = Release|Any CPU
		{FDA4819B-AD39-4C43-9B9C-4FF55E2F2A67}.Release|Any CPU.Build.0 = Release|Any CPU
		{FF2F09A7-0AC7-4BD5-9B9B-EA27D5606734}.Debug|Any CPU.ActiveCfg = Debug|Any CPU
		{FF2F09A7-0AC7-4BD5-9B9B-EA27D5606734}.Debug|Any CPU.Build.0 = Debug|Any CPU
		{FF2F09A7-0AC7-4BD5-9B9B-EA27D5606734}.Release|Any CPU.ActiveCfg = Release|Any CPU
		{FF2F09A7-0AC7-4BD5-9B9B-EA27D5606734}.Release|Any CPU.Build.0 = Release|Any CPU
		{9FCA1882-3CE9-49F2-BED5-9254AADBAC7E}.Debug|Any CPU.ActiveCfg = Debug|Any CPU
		{9FCA1882-3CE9-49F2-BED5-9254AADBAC7E}.Debug|Any CPU.Build.0 = Debug|Any CPU
		{9FCA1882-3CE9-49F2-BED5-9254AADBAC7E}.Release|Any CPU.ActiveCfg = Release|Any CPU
		{9FCA1882-3CE9-49F2-BED5-9254AADBAC7E}.Release|Any CPU.Build.0 = Release|Any CPU
		{8B8677BF-9EA9-4AB7-B323-FD07851DABDC}.Debug|Any CPU.ActiveCfg = Debug|Any CPU
		{8B8677BF-9EA9-4AB7-B323-FD07851DABDC}.Debug|Any CPU.Build.0 = Debug|Any CPU
		{8B8677BF-9EA9-4AB7-B323-FD07851DABDC}.Release|Any CPU.ActiveCfg = Release|Any CPU
		{8B8677BF-9EA9-4AB7-B323-FD07851DABDC}.Release|Any CPU.Build.0 = Release|Any CPU
		{2F8BA837-8368-412F-ACD7-AAF0B4724068}.Debug|Any CPU.ActiveCfg = Debug|Any CPU
		{2F8BA837-8368-412F-ACD7-AAF0B4724068}.Debug|Any CPU.Build.0 = Debug|Any CPU
		{2F8BA837-8368-412F-ACD7-AAF0B4724068}.Release|Any CPU.ActiveCfg = Release|Any CPU
		{2F8BA837-8368-412F-ACD7-AAF0B4724068}.Release|Any CPU.Build.0 = Release|Any CPU
	EndGlobalSection
	GlobalSection(SolutionProperties) = preSolution
		HideSolutionNode = FALSE
	EndGlobalSection
	GlobalSection(ExtensibilityGlobals) = postSolution
		SolutionGuid = {E3F290E1-10D8-4B5E-A9F2-36ACCDB6E39B}
	EndGlobalSection
EndGlobal
